# THIS IS AN AUTOGENERATED FILE. DO NOT EDIT THIS FILE DIRECTLY.
# yarn lockfile v1


poly@^0.6.1:
  version "0.6.1"
  resolved "https://registry.yarnpkg.com/poly/-/poly-0.6.1.tgz#36b462a053e8f208c4f4db612425bc02ac4faf77"
  integrity sha512-bxxzyHPNhgCy+nac0pjBDHBA5p8eFpORSpnAvdk0sesSDxJ4zvGPt4CJxYzRUCHlixvT09AzzKbYGvYVpEedyw==
